<?xml version="1.0" encoding="utf-8"?>
<Project ToolsVersion="4.0" xmlns="http://schemas.microsoft.com/developer/msbuild/2003">
  <ItemGroup>
    <Filter Include="Интерфейс">
      <UniqueIdentifier>{3082bc5c-54fb-4f01-b825-2ff2e7841f2c}</UniqueIdentifier>
    </Filter>
    <Filter Include="Платформа">
      <UniqueIdentifier>{57ab0906-556c-4fd0-893e-6ea2ceccb66c}</UniqueIdentifier>
    </Filter>
    <Filter Include="Поддержка">
      <UniqueIdentifier>{446cd21d-25ee-4c1c-9443-8fe6076ee2fd}</UniqueIdentifier>
    </Filter>
    <Filter Include="Утилиты">
      <UniqueIdentifier>{c6aca1e2-a50e-4704-8711-94b9d0ebb23f}</UniqueIdentifier>
    </Filter>
    <Filter Include="Логика">
      <UniqueIdentifier>{e9aefefe-a266-4f68-946e-a979e48cb8c4}</UniqueIdentifier>
    </Filter>
  </ItemGroup>
  <ItemGroup>
    <ClInclude Include="win.h">
      <Filter>Платформа</Filter>
    </ClInclude>
    <ClInclude Include="main.h">
      <Filter>Логика</Filter>
    </ClInclude>
    <ClInclude Include="dice.h">
      <Filter>Поддержка</Filter>
    </ClInclude>
    <ClInclude Include="io.h">
      <Filter>Поддержка</Filter>
    </ClInclude>
    <ClInclude Include="point.h">
      <Filter>Поддержка</Filter>
    </ClInclude>
    <ClInclude Include="draw.h">
      <Filter>Интерфейс</Filter>
    </ClInclude>
    <ClInclude Include="color.h">
      <Filter>Поддержка</Filter>
    </ClInclude>
    <ClInclude Include="crt.h">
      <Filter>Поддержка</Filter>
    </ClInclude>
    <ClInclude Include="rect.h">
      <Filter>Поддержка</Filter>
    </ClInclude>
    <ClInclude Include="view.h">
      <Filter>Логика</Filter>
    </ClInclude>
    <ClInclude Include="archive.h">
      <Filter>Поддержка</Filter>
    </ClInclude>
    <ClInclude Include="stringbuilder.h">
      <Filter>Поддержка</Filter>
    </ClInclude>
    <ClInclude Include="markup.h">
      <Filter>Поддержка</Filter>
    </ClInclude>
  </ItemGroup>
  <ItemGroup>
    <ClCompile Include="win_draw.cpp">
      <Filter>Платформа</Filter>
    </ClCompile>
    <ClCompile Include="win_io_file.cpp">
      <Filter>Платформа</Filter>
    </ClCompile>
    <ClCompile Include="win_time.cpp">
      <Filter>Платформа</Filter>
    </ClCompile>
    <ClCompile Include="ability.cpp">
      <Filter>Логика</Filter>
    </ClCompile>
    <ClCompile Include="alignment.cpp">
      <Filter>Логика</Filter>
    </ClCompile>
    <ClCompile Include="class.cpp">
      <Filter>Логика</Filter>
    </ClCompile>
    <ClCompile Include="creature.cpp">
      <Filter>Логика</Filter>
    </ClCompile>
    <ClCompile Include="direction.cpp">
      <Filter>Логика</Filter>
    </ClCompile>
    <ClCompile Include="dungeon.cpp">
      <Filter>Логика</Filter>
    </ClCompile>
    <ClCompile Include="dungeon_generate.cpp">
      <Filter>Логика</Filter>
    </ClCompile>
    <ClCompile Include="game.cpp">
      <Filter>Логика</Filter>
    </ClCompile>
    <ClCompile Include="gender.cpp">
      <Filter>Логика</Filter>
    </ClCompile>
    <ClCompile Include="item.cpp">
      <Filter>Логика</Filter>
    </ClCompile>
    <ClCompile Include="monster.cpp">
      <Filter>Логика</Filter>
    </ClCompile>
    <ClCompile Include="names.cpp">
      <Filter>Логика</Filter>
    </ClCompile>
    <ClCompile Include="race.cpp">
      <Filter>Логика</Filter>
    </ClCompile>
    <ClCompile Include="skill.cpp">
      <Filter>Логика</Filter>
    </ClCompile>
    <ClCompile Include="spells.cpp">
      <Filter>Логика</Filter>
    </ClCompile>
    <ClCompile Include="view_automap.cpp">
      <Filter>Логика</Filter>
    </ClCompile>
    <ClCompile Include="view_character.cpp">
      <Filter>Логика</Filter>
    </ClCompile>
    <ClCompile Include="view_controls.cpp">
      <Filter>Логика</Filter>
    </ClCompile>
    <ClCompile Include="view_dungeon.cpp">
      <Filter>Логика</Filter>
    </ClCompile>
    <ClCompile Include="view_generate.cpp">
      <Filter>Логика</Filter>
    </ClCompile>
    <ClCompile Include="view_spells.cpp">
      <Filter>Логика</Filter>
    </ClCompile>
    <ClCompile Include="main.cpp">
      <Filter>Логика</Filter>
    </ClCompile>
    <ClCompile Include="dice.cpp">
      <Filter>Поддержка</Filter>
    </ClCompile>
    <ClCompile Include="io.cpp">
      <Filter>Поддержка</Filter>
    </ClCompile>
    <ClCompile Include="point.cpp">
      <Filter>Поддержка</Filter>
    </ClCompile>
    <ClCompile Include="draw.cpp">
      <Filter>Интерфейс</Filter>
    </ClCompile>
    <ClCompile Include="scale.c">
      <Filter>Интерфейс</Filter>
    </ClCompile>
    <ClCompile Include="color.cpp">
      <Filter>Поддержка</Filter>
    </ClCompile>
    <ClCompile Include="crt.cpp">
      <Filter>Поддержка</Filter>
    </ClCompile>
    <ClCompile Include="geometry.cpp">
      <Filter>Логика</Filter>
    </ClCompile>
    <ClCompile Include="attack.cpp">
      <Filter>Логика</Filter>
    </ClCompile>
    <ClCompile Include="site.cpp">
      <Filter>Логика</Filter>
    </ClCompile>
    <ClCompile Include="sprite_util.cpp">
      <Filter>Утилиты</Filter>
    </ClCompile>
    <ClCompile Include="eob_util.cpp">
      <Filter>Утилиты</Filter>
    </ClCompile>
    <ClCompile Include="eob3_util.cpp">
      <Filter>Утилиты</Filter>
    </ClCompile>
    <ClCompile Include="answers.cpp">
      <Filter>Логика</Filter>
    </ClCompile>
    <ClCompile Include="intellegence.cpp">
      <Filter>Логика</Filter>
    </ClCompile>
    <ClCompile Include="duration.cpp">
      <Filter>Логика</Filter>
    </ClCompile>
    <ClCompile Include="boost.cpp">
      <Filter>Логика</Filter>
    </ClCompile>
    <ClCompile Include="variant.cpp">
      <Filter>Логика</Filter>
    </ClCompile>
    <ClCompile Include="archive.cpp">
      <Filter>Поддержка</Filter>
    </ClCompile>
    <ClCompile Include="stringbuilder.cpp">
      <Filter>Поддержка</Filter>
    </ClCompile>
    <ClCompile Include="string_value.cpp">
      <Filter>Поддержка</Filter>
    </ClCompile>
    <ClCompile Include="creaturea.cpp">
      <Filter>Логика</Filter>
    </ClCompile>
    <ClCompile Include="itema.cpp">
      <Filter>Логика</Filter>
    </ClCompile>
    <ClCompile Include="surface_serial.cpp">
      <Filter>Интерфейс</Filter>
    </ClCompile>
    <ClCompile Include="effect.cpp">
      <Filter>Логика</Filter>
    </ClCompile>
    <ClCompile Include="form.cpp">
      <Filter>Логика</Filter>
    </ClCompile>
    <ClCompile Include="markup.cpp">
      <Filter>Поддержка</Filter>
    </ClCompile>
    <ClCompile Include="wear.cpp">
      <Filter>Логика</Filter>
    </ClCompile>
    <ClCompile Include="usability.cpp">
      <Filter>Логика</Filter>
    </ClCompile>
    <ClCompile Include="damage.cpp">
      <Filter>Логика</Filter>
    </ClCompile>
    <ClCompile Include="item_feat.cpp">
      <Filter>Логика</Filter>
    </ClCompile>
    <ClCompile Include="size.cpp">
      <Filter>Логика</Filter>
    </ClCompile>
    <ClCompile Include="feat.cpp">
      <Filter>Логика</Filter>
    </ClCompile>
    <ClCompile Include="enchant.cpp">
      <Filter>Логика</Filter>
    </ClCompile>
    <ClCompile Include="resource.cpp">
      <Filter>Логика</Filter>
    </ClCompile>
    <ClCompile Include="action.cpp">
      <Filter>Логика</Filter>
    </ClCompile>
    <ClCompile Include="varianta.cpp">
      <Filter>Логика</Filter>
    </ClCompile>
    <ClCompile Include="creature_equipment.cpp">
      <Filter>Логика</Filter>
    </ClCompile>
    <ClCompile Include="shape.cpp">
      <Filter>Логика</Filter>
    </ClCompile>
    <ClCompile Include="encounter.cpp">
      <Filter>Логика</Filter>
    </ClCompile>
    <ClCompile Include="company.cpp">
      <Filter>Логика</Filter>
    </ClCompile>
    <ClCompile Include="avatar.cpp">
      <Filter>Логика</Filter>
    </ClCompile>
    <ClCompile Include="textable.cpp">
      <Filter>Логика</Filter>
    </ClCompile>
    <ClCompile Include="building.cpp">
      <Filter>Логика</Filter>
    </ClCompile>
    <ClCompile Include="settlement.cpp">
      <Filter>Логика</Filter>
    </ClCompile>
    <ClCompile Include="cell.cpp">
      <Filter>Логика</Filter>
    </ClCompile>
    <ClCompile Include="event.cpp">
      <Filter>Логика</Filter>
    </ClCompile>
    <ClCompile Include="deck.cpp">
      <Filter>Логика</Filter>
    </ClCompile>
  </ItemGroup>
</Project>