<?xml version="1.0" encoding="utf-8"?>
<Project ToolsVersion="4.0" xmlns="http://schemas.microsoft.com/developer/msbuild/2003">
  <ItemGroup>
    <Filter Include="Data">
      <UniqueIdentifier>{9d5c7a29-5697-48ba-96b5-c3b82d207b00}</UniqueIdentifier>
    </Filter>
    <Filter Include="Data\Adventures">
      <UniqueIdentifier>{3cdd79dd-7ef2-404b-a74f-aafbfc140faa}</UniqueIdentifier>
    </Filter>
    <Filter Include="Data\Campaign">
      <UniqueIdentifier>{a77bfa2d-0056-4179-8f7d-5cd92a53e197}</UniqueIdentifier>
    </Filter>
    <Filter Include="Data\Other">
      <UniqueIdentifier>{0b05ea22-a947-445e-9a85-767236549775}</UniqueIdentifier>
    </Filter>
    <Filter Include="Interface">
      <UniqueIdentifier>{3082bc5c-54fb-4f01-b825-2ff2e7841f2c}</UniqueIdentifier>
    </Filter>
    <Filter Include="Logic">
      <UniqueIdentifier>{e9aefefe-a266-4f68-946e-a979e48cb8c4}</UniqueIdentifier>
    </Filter>
    <Filter Include="Platform">
      <UniqueIdentifier>{57ab0906-556c-4fd0-893e-6ea2ceccb66c}</UniqueIdentifier>
    </Filter>
    <Filter Include="Support">
      <UniqueIdentifier>{446cd21d-25ee-4c1c-9443-8fe6076ee2fd}</UniqueIdentifier>
    </Filter>
    <Filter Include="Utils">
      <UniqueIdentifier>{c6aca1e2-a50e-4704-8711-94b9d0ebb23f}</UniqueIdentifier>
    </Filter>
  </ItemGroup>
  <ItemGroup>
    <ClInclude Include="win.h">
      <Filter>Platform</Filter>
    </ClInclude>
    <ClInclude Include="main.h">
      <Filter>Logic</Filter>
    </ClInclude>
    <ClInclude Include="dice.h">
      <Filter>Support</Filter>
    </ClInclude>
    <ClInclude Include="io_stream.h">
      <Filter>Support</Filter>
    </ClInclude>
    <ClInclude Include="point.h">
      <Filter>Support</Filter>
    </ClInclude>
    <ClInclude Include="draw.h">
      <Filter>Interface</Filter>
    </ClInclude>
    <ClInclude Include="color.h">
      <Filter>Support</Filter>
    </ClInclude>
    <ClInclude Include="crt.h">
      <Filter>Support</Filter>
    </ClInclude>
    <ClInclude Include="rect.h">
      <Filter>Support</Filter>
    </ClInclude>
    <ClInclude Include="archive.h">
      <Filter>Support</Filter>
    </ClInclude>
    <ClInclude Include="stringbuilder.h">
      <Filter>Support</Filter>
    </ClInclude>
    <ClInclude Include="flagable.h">
      <Filter>Support</Filter>
    </ClInclude>
    <ClInclude Include="my_initialize_list.h">
      <Filter>Support</Filter>
    </ClInclude>
    <ClInclude Include="dataset.h">
      <Filter>Support</Filter>
    </ClInclude>
    <ClInclude Include="log.h">
      <Filter>Support</Filter>
    </ClInclude>
    <ClInclude Include="variable.h">
      <Filter>Support</Filter>
    </ClInclude>
    <ClInclude Include="cflags.h">
      <Filter>Support</Filter>
    </ClInclude>
    <ClInclude Include="event.h">
      <Filter>Support</Filter>
    </ClInclude>
    <ClInclude Include="direction.h">
      <Filter>Logic</Filter>
    </ClInclude>
    <ClInclude Include="duration.h">
      <Filter>Logic</Filter>
    </ClInclude>
    <ClInclude Include="goal.h">
      <Filter>Logic</Filter>
    </ClInclude>
    <ClInclude Include="feat.h">
      <Filter>Logic</Filter>
    </ClInclude>
    <ClInclude Include="intellegence.h">
      <Filter>Logic</Filter>
    </ClInclude>
    <ClInclude Include="gender.h">
      <Filter>Logic</Filter>
    </ClInclude>
    <ClInclude Include="alignment.h">
      <Filter>Logic</Filter>
    </ClInclude>
    <ClInclude Include="enchant.h">
      <Filter>Logic</Filter>
    </ClInclude>
    <ClInclude Include="shape.h">
      <Filter>Logic</Filter>
    </ClInclude>
    <ClInclude Include="size.h">
      <Filter>Logic</Filter>
    </ClInclude>
    <ClInclude Include="variant.h">
      <Filter>Logic</Filter>
    </ClInclude>
    <ClInclude Include="wear.h">
      <Filter>Logic</Filter>
    </ClInclude>
    <ClInclude Include="item.h">
      <Filter>Logic</Filter>
    </ClInclude>
    <ClInclude Include="damage.h">
      <Filter>Logic</Filter>
    </ClInclude>
    <ClInclude Include="rarity.h">
      <Filter>Logic</Filter>
    </ClInclude>
    <ClInclude Include="usability.h">
      <Filter>Logic</Filter>
    </ClInclude>
    <ClInclude Include="ability.h">
      <Filter>Logic</Filter>
    </ClInclude>
    <ClInclude Include="spell.h">
      <Filter>Logic</Filter>
    </ClInclude>
    <ClInclude Include="cityability.h">
      <Filter>Logic</Filter>
    </ClInclude>
    <ClInclude Include="city.h">
      <Filter>Logic</Filter>
    </ClInclude>
    <ClInclude Include="campaign.h">
      <Filter>Logic</Filter>
    </ClInclude>
    <ClInclude Include="target.h">
      <Filter>Logic</Filter>
    </ClInclude>
    <ClInclude Include="varianta.h">
      <Filter>Logic</Filter>
    </ClInclude>
    <ClInclude Include="history.h">
      <Filter>Logic</Filter>
    </ClInclude>
  </ItemGroup>
  <ItemGroup>
    <ClCompile Include="win_draw.cpp">
      <Filter>Platform</Filter>
    </ClCompile>
    <ClCompile Include="win_io_file.cpp">
      <Filter>Platform</Filter>
    </ClCompile>
    <ClCompile Include="win_time.cpp">
      <Filter>Platform</Filter>
    </ClCompile>
    <ClCompile Include="ability.cpp">
      <Filter>Logic</Filter>
    </ClCompile>
    <ClCompile Include="alignment.cpp">
      <Filter>Logic</Filter>
    </ClCompile>
    <ClCompile Include="class.cpp">
      <Filter>Logic</Filter>
    </ClCompile>
    <ClCompile Include="creature.cpp">
      <Filter>Logic</Filter>
    </ClCompile>
    <ClCompile Include="direction.cpp">
      <Filter>Logic</Filter>
    </ClCompile>
    <ClCompile Include="dungeon.cpp">
      <Filter>Logic</Filter>
    </ClCompile>
    <ClCompile Include="dungeon_generate.cpp">
      <Filter>Logic</Filter>
    </ClCompile>
    <ClCompile Include="game.cpp">
      <Filter>Logic</Filter>
    </ClCompile>
    <ClCompile Include="gender.cpp">
      <Filter>Logic</Filter>
    </ClCompile>
    <ClCompile Include="item.cpp">
      <Filter>Logic</Filter>
    </ClCompile>
    <ClCompile Include="monster.cpp">
      <Filter>Logic</Filter>
    </ClCompile>
    <ClCompile Include="nameable.cpp">
      <Filter>Logic</Filter>
    </ClCompile>
    <ClCompile Include="race.cpp">
      <Filter>Logic</Filter>
    </ClCompile>
    <ClCompile Include="spell.cpp">
      <Filter>Logic</Filter>
    </ClCompile>
    <ClCompile Include="view_automap.cpp">
      <Filter>Logic</Filter>
    </ClCompile>
    <ClCompile Include="view_controls.cpp">
      <Filter>Logic</Filter>
    </ClCompile>
    <ClCompile Include="view_dungeon.cpp">
      <Filter>Logic</Filter>
    </ClCompile>
    <ClCompile Include="main.cpp">
      <Filter>Logic</Filter>
    </ClCompile>
    <ClCompile Include="dice.cpp">
      <Filter>Support</Filter>
    </ClCompile>
    <ClCompile Include="io_stream.cpp">
      <Filter>Support</Filter>
    </ClCompile>
    <ClCompile Include="point.cpp">
      <Filter>Support</Filter>
    </ClCompile>
    <ClCompile Include="draw.cpp">
      <Filter>Interface</Filter>
    </ClCompile>
    <ClCompile Include="scale.c">
      <Filter>Interface</Filter>
    </ClCompile>
    <ClCompile Include="color.cpp">
      <Filter>Support</Filter>
    </ClCompile>
    <ClCompile Include="crt.cpp">
      <Filter>Support</Filter>
    </ClCompile>
    <ClCompile Include="geometry.cpp">
      <Filter>Logic</Filter>
    </ClCompile>
    <ClCompile Include="site.cpp">
      <Filter>Logic</Filter>
    </ClCompile>
    <ClCompile Include="sprite_util.cpp">
      <Filter>Utils</Filter>
    </ClCompile>
    <ClCompile Include="eob_util.cpp">
      <Filter>Utils</Filter>
    </ClCompile>
    <ClCompile Include="eob3_util.cpp">
      <Filter>Utils</Filter>
    </ClCompile>
    <ClCompile Include="answers.cpp">
      <Filter>Logic</Filter>
    </ClCompile>
    <ClCompile Include="intellegence.cpp">
      <Filter>Logic</Filter>
    </ClCompile>
    <ClCompile Include="duration.cpp">
      <Filter>Logic</Filter>
    </ClCompile>
    <ClCompile Include="boost.cpp">
      <Filter>Logic</Filter>
    </ClCompile>
    <ClCompile Include="variant.cpp">
      <Filter>Logic</Filter>
    </ClCompile>
    <ClCompile Include="archive.cpp">
      <Filter>Support</Filter>
    </ClCompile>
    <ClCompile Include="stringbuilder.cpp">
      <Filter>Support</Filter>
    </ClCompile>
    <ClCompile Include="creaturea.cpp">
      <Filter>Logic</Filter>
    </ClCompile>
    <ClCompile Include="itema.cpp">
      <Filter>Logic</Filter>
    </ClCompile>
    <ClCompile Include="surface_serial.cpp">
      <Filter>Interface</Filter>
    </ClCompile>
    <ClCompile Include="effect.cpp">
      <Filter>Logic</Filter>
    </ClCompile>
    <ClCompile Include="wear.cpp">
      <Filter>Logic</Filter>
    </ClCompile>
    <ClCompile Include="usability.cpp">
      <Filter>Logic</Filter>
    </ClCompile>
    <ClCompile Include="damage.cpp">
      <Filter>Logic</Filter>
    </ClCompile>
    <ClCompile Include="item_feat.cpp">
      <Filter>Logic</Filter>
    </ClCompile>
    <ClCompile Include="size.cpp">
      <Filter>Logic</Filter>
    </ClCompile>
    <ClCompile Include="feat.cpp">
      <Filter>Logic</Filter>
    </ClCompile>
    <ClCompile Include="enchant.cpp">
      <Filter>Logic</Filter>
    </ClCompile>
    <ClCompile Include="resource.cpp">
      <Filter>Logic</Filter>
    </ClCompile>
    <ClCompile Include="action.cpp">
      <Filter>Logic</Filter>
    </ClCompile>
    <ClCompile Include="varianta.cpp">
      <Filter>Logic</Filter>
    </ClCompile>
    <ClCompile Include="creature_equipment.cpp">
      <Filter>Logic</Filter>
    </ClCompile>
    <ClCompile Include="shape.cpp">
      <Filter>Logic</Filter>
    </ClCompile>
    <ClCompile Include="encounter.cpp">
      <Filter>Logic</Filter>
    </ClCompile>
    <ClCompile Include="company.cpp">
      <Filter>Logic</Filter>
    </ClCompile>
    <ClCompile Include="avatar.cpp">
      <Filter>Logic</Filter>
    </ClCompile>
    <ClCompile Include="cell.cpp">
      <Filter>Logic</Filter>
    </ClCompile>
    <ClCompile Include="examine.cpp">
      <Filter>Logic</Filter>
    </ClCompile>
    <ClCompile Include="chat.cpp">
      <Filter>Logic</Filter>
    </ClCompile>
    <ClCompile Include="checksum.cpp">
      <Filter>Support</Filter>
    </ClCompile>
    <ClCompile Include="statable.cpp">
      <Filter>Logic</Filter>
    </ClCompile>
    <ClCompile Include="indexa.cpp">
      <Filter>Logic</Filter>
    </ClCompile>
    <ClCompile Include="city.cpp">
      <Filter>Logic</Filter>
    </ClCompile>
    <ClCompile Include="log.cpp">
      <Filter>Support</Filter>
    </ClCompile>
    <ClCompile Include="adventure.cpp">
      <Filter>Logic</Filter>
    </ClCompile>
    <ClCompile Include="variable.cpp">
      <Filter>Support</Filter>
    </ClCompile>
    <ClCompile Include="szdup.cpp">
      <Filter>Support</Filter>
    </ClCompile>
    <ClCompile Include="cityability.cpp">
      <Filter>Logic</Filter>
    </ClCompile>
    <ClCompile Include="miracle.cpp">
      <Filter>Logic</Filter>
    </ClCompile>
    <ClCompile Include="goal.cpp">
      <Filter>Logic</Filter>
    </ClCompile>
    <ClCompile Include="event.cpp">
      <Filter>Support</Filter>
    </ClCompile>
    <ClCompile Include="campaign.cpp">
      <Filter>Logic</Filter>
    </ClCompile>
  </ItemGroup>
  <ItemGroup>
    <None Include="cpp.hint">
      <Filter>Data\Other</Filter>
    </None>
  </ItemGroup>
  <ItemGroup>
    <Text Include="..\company\DarkForest.txt">
      <Filter>Data\Adventures</Filter>
    </Text>
    <Text Include="..\company\FloodedCollectors.txt">
      <Filter>Data\Adventures</Filter>
    </Text>
    <Text Include="..\errors.txt">
      <Filter>Data\Other</Filter>
    </Text>
    <Text Include="..\company\Basic.txt">
      <Filter>Data\Campaign</Filter>
    </Text>
    <Text Include="..\company\DwarfMine.txt">
      <Filter>Data\Adventures</Filter>
    </Text>
  </ItemGroup>
</Project>